
Microsoft Visual Studio Solution File, Format Version 12.00
# Visual Studio 15
<<<<<<< HEAD

=======
Project("{FAE04EC0-301F-11D3-BF4B-00C04F79EFBC}") = "Assembly-CSharp", "Assembly-CSharp.csproj", "{03C6ED8C-5EB1-F0F8-A700-4E5FAD425EA3}"
EndProject
>>>>>>> v0.1.1
Global
	GlobalSection(SolutionConfigurationPlatforms) = preSolution
		Debug|Any CPU = Debug|Any CPU
		Release|Any CPU = Release|Any CPU
	EndGlobalSection
	GlobalSection(ProjectConfigurationPlatforms) = postSolution
<<<<<<< HEAD

=======
		{03C6ED8C-5EB1-F0F8-A700-4E5FAD425EA3}.Debug|Any CPU.ActiveCfg = Debug|Any CPU
		{03C6ED8C-5EB1-F0F8-A700-4E5FAD425EA3}.Debug|Any CPU.Build.0 = Debug|Any CPU
		{03C6ED8C-5EB1-F0F8-A700-4E5FAD425EA3}.Release|Any CPU.ActiveCfg = Release|Any CPU
		{03C6ED8C-5EB1-F0F8-A700-4E5FAD425EA3}.Release|Any CPU.Build.0 = Release|Any CPU
>>>>>>> v0.1.1
	EndGlobalSection
	GlobalSection(SolutionProperties) = preSolution
		HideSolutionNode = FALSE
	EndGlobalSection
EndGlobal
