
Microsoft Visual Studio Solution File, Format Version 12.00
# Visual Studio Version 16
VisualStudioVersion = 16.0.31624.102
MinimumVisualStudioVersion = 10.0.40219.1
Project("{FAE04EC0-301F-11D3-BF4B-00C04F79EFBC}") = "Assembly-CSharp", "Assembly-CSharp.csproj", "{03C6ED8C-5EB1-F0F8-A700-4E5FAD425EA3}"
EndProject
Global
	GlobalSection(SolutionConfigurationPlatforms) = preSolution
		Debug|Any CPU = Debug|Any CPU
		Release|Any CPU = Release|Any CPU
	EndGlobalSection
	GlobalSection(ProjectConfigurationPlatforms) = postSolution
		{03C6ED8C-5EB1-F0F8-A700-4E5FAD425EA3}.Debug|Any CPU.ActiveCfg = Debug|Any CPU
		{03C6ED8C-5EB1-F0F8-A700-4E5FAD425EA3}.Debug|Any CPU.Build.0 = Debug|Any CPU
		{03C6ED8C-5EB1-F0F8-A700-4E5FAD425EA3}.Release|Any CPU.ActiveCfg = Release|Any CPU
		{03C6ED8C-5EB1-F0F8-A700-4E5FAD425EA3}.Release|Any CPU.Build.0 = Release|Any CPU
	EndGlobalSection
	GlobalSection(SolutionProperties) = preSolution
		HideSolutionNode = FALSE
	EndGlobalSection
	GlobalSection(ExtensibilityGlobals) = postSolution
		SolutionGuid = {1A252120-5298-47C7-95C5-627EEBA83DCB}
	EndGlobalSection
EndGlobal
